
Microsoft Visual Studio Solution File, Format Version 12.00
# Visual Studio 2013
Project("{FAE04EC0-301F-11D3-BF4B-00C04F79EFBC}") = "WpfApplication1", "WpfApplication1\WpfApplication1.csproj", "{0178be0b-bc1b-4635-8c2d-47d33b2d4649}"
EndProject
Global
	GlobalSection(SolutionConfigurationPlatforms) = preSolution
		Debug|Any CPU = Debug|Any CPU
		Release|Any CPU = Release|Any CPU
	EndGlobalSection
	GlobalSection(ProjectConfigurationPlatforms) = postSolution
		{0178BE0B-BC1B-4635-8C2D-47D33B2D4649}.Debug|Any CPU.ActiveCfg = Debug|Any CPU
		{0178BE0B-BC1B-4635-8C2D-47D33B2D4649}.Debug|Any CPU.Build.0 = Debug|Any CPU
		{0178BE0B-BC1B-4635-8C2D-47D33B2D4649}.Release|Any CPU.ActiveCfg = Release|Any CPU
		{0178BE0B-BC1B-4635-8C2D-47D33B2D4649}.Release|Any CPU.Build.0 = Release|Any CPU
	EndGlobalSection
EndGlobal
